{
  "name": "thesimplevalidation-react",
  "version": "1.0.0",
  "lockfileVersion": 1,
  "requires": true,
  "dependencies": {
    "@types/lodash": {
      "version": "4.14.149",
      "resolved": "https://registry.npmjs.org/@types/lodash/-/lodash-4.14.149.tgz",
      "integrity": "sha512-ijGqzZt/b7BfzcK9vTrS6MFljQRPn5BFWOx8oE0GYxribu6uV+aA9zZuXI1zc/etK9E8nrgdoF2+LgUw7+9tJQ==",
      "dev": true
    },
    "@types/lodash.keys": {
      "version": "4.2.6",
      "resolved": "https://registry.npmjs.org/@types/lodash.keys/-/lodash.keys-4.2.6.tgz",
      "integrity": "sha512-FCtZsHapyH/Xu0New7jTLiNwbDfirIgpmii+vndMxM9Guz+kU+uYgKvSaVN4H+CReT6Ht+sfZTrquq0hnSjgxg==",
      "dev": true,
      "requires": {
        "@types/lodash": "*"
      }
    },
    "lodash.clonedeep": {
      "version": "4.5.0",
      "resolved": "https://registry.npmjs.org/lodash.clonedeep/-/lodash.clonedeep-4.5.0.tgz",
      "integrity": "sha1-4j8/nE+Pvd6HJSnBBxhXoIblzO8="
    },
    "lodash.get": {
      "version": "4.4.2",
      "resolved": "https://registry.npmjs.org/lodash.get/-/lodash.get-4.4.2.tgz",
      "integrity": "sha1-LRd/ZS+jHpObRDjVNBSZ36OCXpk="
    },
    "lodash.isequal": {
      "version": "4.5.0",
      "resolved": "https://registry.npmjs.org/lodash.isequal/-/lodash.isequal-4.5.0.tgz",
      "integrity": "sha1-QVxEePK8wwEgwizhDtMib30+GOA="
    },
    "lodash.keys": {
      "version": "4.2.0",
      "resolved": "https://registry.npmjs.org/lodash.keys/-/lodash.keys-4.2.0.tgz",
      "integrity": "sha1-oIYCrBLk+4P5H8H7ejYKTZujUgU="
    },
    "thesimplevalidation": {
      "version": "1.0.1",
      "resolved": "https://registry.npmjs.org/thesimplevalidation/-/thesimplevalidation-1.0.1.tgz",
      "integrity": "sha512-11tIlXUpa0zF2gy6IuTxlFxI2htOytgaqSaod3yb8iNXBGbSqU+VokGHqlQJbTgLOaNIh/XHGMFWPVG2CsLdXQ==",
      "requires": {
        "lodash.clonedeep": "4.5.0",
        "lodash.get": "4.4.2",
        "lodash.isequal": "4.5.0",
        "lodash.keys": "4.2.0"
      }
    },
    "typescript": {
      "version": "3.7.5",
      "resolved": "https://registry.npmjs.org/typescript/-/typescript-3.7.5.tgz",
      "integrity": "sha512-/P5lkRXkWHNAbcJIiHPfRoKqyd7bsyCma1hZNUGfn20qm64T6ZBlrzprymeu918H+mB/0rIg2gGK/BXkhhYgBw==",
      "dev": true
    }
  }
}
