{
  "name": "thesimplevalidation-react",
  "version": "1.1.0",
  "lockfileVersion": 3,
  "requires": true,
  "packages": {
    "": {
      "name": "thesimplevalidation-react",
      "version": "1.1.0",
      "license": "MIT",
      "dependencies": {
        "lodash.keys": "4.2.0",
        "thesimplevalidation": "1.2.0"
      },
      "devDependencies": {
        "@types/lodash.keys": "4.2.7",
        "typescript": "5.0.4"
      }
    },
    "node_modules/@types/lodash": {
      "version": "4.14.149",
      "resolved": "https://registry.npmjs.org/@types/lodash/-/lodash-4.14.149.tgz",
      "integrity": "sha512-ijGqzZt/b7BfzcK9vTrS6MFljQRPn5BFWOx8oE0GYxribu6uV+aA9zZuXI1zc/etK9E8nrgdoF2+LgUw7+9tJQ==",
      "dev": true
    },
    "node_modules/@types/lodash.keys": {
      "version": "4.2.7",
      "resolved": "https://registry.npmjs.org/@types/lodash.keys/-/lodash.keys-4.2.7.tgz",
      "integrity": "sha512-4GyGpi/VL9EI5sTC6ra8BOVdLMAs03FpclANeP0SfVup0Nv6mcO+OtW5w71Mj9BsR6C7Rs5StmEH4RHtit0CKw==",
      "dev": true,
      "dependencies": {
        "@types/lodash": "*"
      }
    },
    "node_modules/lodash.clonedeep": {
      "version": "4.5.0",
      "resolved": "https://registry.npmjs.org/lodash.clonedeep/-/lodash.clonedeep-4.5.0.tgz",
      "integrity": "sha1-4j8/nE+Pvd6HJSnBBxhXoIblzO8="
    },
    "node_modules/lodash.get": {
      "version": "4.4.2",
      "resolved": "https://registry.npmjs.org/lodash.get/-/lodash.get-4.4.2.tgz",
      "integrity": "sha1-LRd/ZS+jHpObRDjVNBSZ36OCXpk="
    },
    "node_modules/lodash.isequal": {
      "version": "4.5.0",
      "resolved": "https://registry.npmjs.org/lodash.isequal/-/lodash.isequal-4.5.0.tgz",
      "integrity": "sha1-QVxEePK8wwEgwizhDtMib30+GOA="
    },
    "node_modules/lodash.keys": {
      "version": "4.2.0",
      "resolved": "https://registry.npmjs.org/lodash.keys/-/lodash.keys-4.2.0.tgz",
      "integrity": "sha1-oIYCrBLk+4P5H8H7ejYKTZujUgU="
    },
    "node_modules/thesimplevalidation": {
      "version": "1.2.0",
      "resolved": "https://registry.npmjs.org/thesimplevalidation/-/thesimplevalidation-1.2.0.tgz",
      "integrity": "sha512-IBdIFYA+AVVQsWtt0KWKT7F43YzRBydiuF4bMspOlxxU9a2rNx2w9OLPrCNd38OxGM2FK7Lc5GGqfHB05EgSyg==",
      "dependencies": {
        "lodash.clonedeep": "4.5.0",
        "lodash.get": "4.4.2",
        "lodash.isequal": "4.5.0",
        "lodash.keys": "4.2.0"
      }
    },
    "node_modules/typescript": {
      "version": "5.0.4",
      "resolved": "https://registry.npmjs.org/typescript/-/typescript-5.0.4.tgz",
      "integrity": "sha512-cW9T5W9xY37cc+jfEnaUvX91foxtHkza3Nw3wkoF4sSlKn0MONdkdEndig/qPBWXNkmplh3NzayQzCiHM4/hqw==",
      "dev": true,
      "bin": {
        "tsc": "bin/tsc",
        "tsserver": "bin/tsserver"
      },
      "engines": {
        "node": ">=12.20"
      }
    }
  }
}
